
Microsoft Visual Studio Solution File, Format Version 12.00
# Visual Studio Version 17
VisualStudioVersion = 17.8.34309.116
MinimumVisualStudioVersion = 10.0.40219.1
Project("{9A19103F-16F7-4668-BE54-9A1E7A4F7556}") = "RandevuSistemi", "RandevuSistemi\RandevuSistemi.csproj", "{4A79DD27-CAEA-4922-A179-C636F3865A61}"
EndProject
Project("{9A19103F-16F7-4668-BE54-9A1E7A4F7556}") = "Randevuobject", "Randevuobject\Randevuobject.csproj", "{04F60A7C-96F1-420B-B39D-8ACB7ECA12ED}"
EndProject
Project("{9A19103F-16F7-4668-BE54-9A1E7A4F7556}") = "RandevuWebApi", "RandevuWebApi\RandevuWebApi.csproj", "{B20FD460-A263-4621-B756-118B5302A0DC}"
EndProject
Project("{FAE04EC0-301F-11D3-BF4B-00C04F79EFBC}") = "RandevuApp", "RandevuApp\RandevuApp.csproj", "{1B69D8C1-A758-4331-91A8-F7A1FD6AD63C}"
EndProject
Global
	GlobalSection(SolutionConfigurationPlatforms) = preSolution
		Debug|Any CPU = Debug|Any CPU
		Release|Any CPU = Release|Any CPU
	EndGlobalSection
	GlobalSection(ProjectConfigurationPlatforms) = postSolution
		{4A79DD27-CAEA-4922-A179-C636F3865A61}.Debug|Any CPU.ActiveCfg = Debug|Any CPU
		{4A79DD27-CAEA-4922-A179-C636F3865A61}.Debug|Any CPU.Build.0 = Debug|Any CPU
		{4A79DD27-CAEA-4922-A179-C636F3865A61}.Release|Any CPU.ActiveCfg = Release|Any CPU
		{4A79DD27-CAEA-4922-A179-C636F3865A61}.Release|Any CPU.Build.0 = Release|Any CPU
		{04F60A7C-96F1-420B-B39D-8ACB7ECA12ED}.Debug|Any CPU.ActiveCfg = Debug|Any CPU
		{04F60A7C-96F1-420B-B39D-8ACB7ECA12ED}.Debug|Any CPU.Build.0 = Debug|Any CPU
		{04F60A7C-96F1-420B-B39D-8ACB7ECA12ED}.Release|Any CPU.ActiveCfg = Release|Any CPU
		{04F60A7C-96F1-420B-B39D-8ACB7ECA12ED}.Release|Any CPU.Build.0 = Release|Any CPU
		{B20FD460-A263-4621-B756-118B5302A0DC}.Debug|Any CPU.ActiveCfg = Debug|Any CPU
		{B20FD460-A263-4621-B756-118B5302A0DC}.Debug|Any CPU.Build.0 = Debug|Any CPU
		{B20FD460-A263-4621-B756-118B5302A0DC}.Release|Any CPU.ActiveCfg = Release|Any CPU
		{B20FD460-A263-4621-B756-118B5302A0DC}.Release|Any CPU.Build.0 = Release|Any CPU
		{1B69D8C1-A758-4331-91A8-F7A1FD6AD63C}.Debug|Any CPU.ActiveCfg = Debug|Any CPU
		{1B69D8C1-A758-4331-91A8-F7A1FD6AD63C}.Debug|Any CPU.Build.0 = Debug|Any CPU
		{1B69D8C1-A758-4331-91A8-F7A1FD6AD63C}.Release|Any CPU.ActiveCfg = Release|Any CPU
		{1B69D8C1-A758-4331-91A8-F7A1FD6AD63C}.Release|Any CPU.Build.0 = Release|Any CPU
	EndGlobalSection
	GlobalSection(SolutionProperties) = preSolution
		HideSolutionNode = FALSE
	EndGlobalSection
	GlobalSection(ExtensibilityGlobals) = postSolution
		SolutionGuid = {3C5713B1-EFC9-46E3-A8F8-2245E66D8612}
	EndGlobalSection
EndGlobal
